
Microsoft Visual Studio Solution File, Format Version 12.00
# Visual Studio 15
VisualStudioVersion = 15.0.27703.2047
MinimumVisualStudioVersion = 10.0.40219.1
Project("{FAE04EC0-301F-11D3-BF4B-00C04F79EFBC}") = "Razor", "Razor\Razor.csproj", "{AA59EA51-A4F0-4094-9BF5-7FEAF5832FC4}"
EndProject
Global
	GlobalSection(SolutionConfigurationPlatforms) = preSolution
		Debug|Any CPU = Debug|Any CPU
		Release|Any CPU = Release|Any CPU
	EndGlobalSection
	GlobalSection(ProjectConfigurationPlatforms) = postSolution
		{AA59EA51-A4F0-4094-9BF5-7FEAF5832FC4}.Debug|Any CPU.ActiveCfg = Debug|Any CPU
		{AA59EA51-A4F0-4094-9BF5-7FEAF5832FC4}.Debug|Any CPU.Build.0 = Debug|Any CPU
		{AA59EA51-A4F0-4094-9BF5-7FEAF5832FC4}.Release|Any CPU.ActiveCfg = Release|Any CPU
		{AA59EA51-A4F0-4094-9BF5-7FEAF5832FC4}.Release|Any CPU.Build.0 = Release|Any CPU
	EndGlobalSection
	GlobalSection(SolutionProperties) = preSolution
		HideSolutionNode = FALSE
	EndGlobalSection
	GlobalSection(ExtensibilityGlobals) = postSolution
		SolutionGuid = {AA8F0D72-7452-4DF9-BE47-F9D3474AFF9E}
	EndGlobalSection
EndGlobal
